
Microsoft Visual Studio Solution File, Format Version 12.00
# Visual Studio 2013
VisualStudioVersion = 12.0.21005.1
MinimumVisualStudioVersion = 10.0.40219.1
Project("{2150E333-8FDC-42A3-9474-1A3956D46DE8}") = "Solution Items", "Solution Items", "{DC7BF167-83C1-4850-95EC-AEE9A85F222C}"
	ProjectSection(SolutionItems) = preProject
		CockpitPublisher.vsmdi = CockpitPublisher.vsmdi
		Local.testsettings = Local.testsettings
		TraceAndTestImpact.testsettings = TraceAndTestImpact.testsettings
	EndProjectSection
EndProject
Project("{F184B08F-C81C-45F6-A57F-5ABD9991F28F}") = "UploadClient", "UploadClient\UploadClient.vbproj", "{29DB7023-FF8B-4231-9BE3-29094B9AAFAE}"
	ProjectSection(ProjectDependencies) = postProject
		{0C51E5EF-C1BC-4ADB-AB3D-D20A98F0845B} = {0C51E5EF-C1BC-4ADB-AB3D-D20A98F0845B}
	EndProjectSection
EndProject
Project("{F184B08F-C81C-45F6-A57F-5ABD9991F28F}") = "CockpitWCFServices", "CockpitWSFServices\CockpitWCFServices.vbproj", "{0C51E5EF-C1BC-4ADB-AB3D-D20A98F0845B}"
EndProject
Project("{F184B08F-C81C-45F6-A57F-5ABD9991F28F}") = "UploadClient.Tests", "UploadClient.Tests\UploadClient.Tests.vbproj", "{238765CA-833D-45DB-9A8B-6B3A6EB8E0E9}"
EndProject
Project("{F184B08F-C81C-45F6-A57F-5ABD9991F28F}") = "CockpitPublisher.Common", "CockpitPublisher.Common\CockpitPublisher.Common.vbproj", "{51A8C0EF-264B-4A9E-926D-8F5D64B493BD}"
EndProject
Project("{F184B08F-C81C-45F6-A57F-5ABD9991F28F}") = "CockpitPublisher.Common.Tests", "Cockpit.Publisher.Common.Tests\CockpitPublisher.Common.Tests.vbproj", "{D2611BBF-524D-4600-88F4-708CC87EAAB3}"
EndProject
Project("{F184B08F-C81C-45F6-A57F-5ABD9991F28F}") = "CockpitWebClient", "CockpitWebClient\CockpitWebClient.vbproj", "{BE370510-14F6-4073-823E-1865EA56507F}"
EndProject
Global
	GlobalSection(TeamFoundationVersionControl) = preSolution
		SccNumberOfProjects = 7
		SccEnterpriseProvider = {4CA58AB2-18FA-4F8D-95D4-32DDF27D184C}
		SccTeamFoundationServer = http://spbl04:8080/tfs/defaultcollection
		SccLocalPath0 = .
		SccProjectUniqueName1 = Cockpit.Publisher.Common.Tests\\CockpitPublisher.Common.Tests.vbproj
		SccProjectName1 = Cockpit.Publisher.Common.Tests
		SccLocalPath1 = Cockpit.Publisher.Common.Tests
		SccProjectUniqueName2 = CockpitPublisher.Common\\CockpitPublisher.Common.vbproj
		SccProjectName2 = CockpitPublisher.Common
		SccLocalPath2 = CockpitPublisher.Common
		SccProjectUniqueName3 = CockpitWebClient\\CockpitWebClient.vbproj
		SccProjectName3 = CockpitWebClient
		SccLocalPath3 = CockpitWebClient
		SccProjectUniqueName4 = CockpitWSFServices\\CockpitWCFServices.vbproj
		SccProjectName4 = CockpitWSFServices
		SccLocalPath4 = CockpitWSFServices
		SccProjectUniqueName5 = UploadClient.Tests\\UploadClient.Tests.vbproj
		SccProjectName5 = UploadClient.Tests
		SccLocalPath5 = UploadClient.Tests
		SccProjectUniqueName6 = UploadClient\\UploadClient.vbproj
		SccProjectName6 = UploadClient
		SccLocalPath6 = UploadClient
	EndGlobalSection
	GlobalSection(SolutionConfigurationPlatforms) = preSolution
		CD_ROM|Any CPU = CD_ROM|Any CPU
		CD_ROM|Mixed Platforms = CD_ROM|Mixed Platforms
		CD_ROM|x86 = CD_ROM|x86
		Debug|Any CPU = Debug|Any CPU
		Debug|Mixed Platforms = Debug|Mixed Platforms
		Debug|x86 = Debug|x86
		DVD-5|Any CPU = DVD-5|Any CPU
		DVD-5|Mixed Platforms = DVD-5|Mixed Platforms
		DVD-5|x86 = DVD-5|x86
		Release|Any CPU = Release|Any CPU
		Release|Mixed Platforms = Release|Mixed Platforms
		Release|x86 = Release|x86
		SingleImage|Any CPU = SingleImage|Any CPU
		SingleImage|Mixed Platforms = SingleImage|Mixed Platforms
		SingleImage|x86 = SingleImage|x86
	EndGlobalSection
	GlobalSection(ProjectConfigurationPlatforms) = postSolution
		{29DB7023-FF8B-4231-9BE3-29094B9AAFAE}.CD_ROM|Any CPU.ActiveCfg = Release|x86
		{29DB7023-FF8B-4231-9BE3-29094B9AAFAE}.CD_ROM|Mixed Platforms.ActiveCfg = Release|x86
		{29DB7023-FF8B-4231-9BE3-29094B9AAFAE}.CD_ROM|Mixed Platforms.Build.0 = Release|x86
		{29DB7023-FF8B-4231-9BE3-29094B9AAFAE}.CD_ROM|x86.ActiveCfg = Release|x86
		{29DB7023-FF8B-4231-9BE3-29094B9AAFAE}.CD_ROM|x86.Build.0 = Release|x86
		{29DB7023-FF8B-4231-9BE3-29094B9AAFAE}.Debug|Any CPU.ActiveCfg = Debug|x86
		{29DB7023-FF8B-4231-9BE3-29094B9AAFAE}.Debug|Mixed Platforms.ActiveCfg = Debug|x86
		{29DB7023-FF8B-4231-9BE3-29094B9AAFAE}.Debug|Mixed Platforms.Build.0 = Debug|x86
		{29DB7023-FF8B-4231-9BE3-29094B9AAFAE}.Debug|x86.ActiveCfg = Debug|x86
		{29DB7023-FF8B-4231-9BE3-29094B9AAFAE}.Debug|x86.Build.0 = Debug|x86
		{29DB7023-FF8B-4231-9BE3-29094B9AAFAE}.DVD-5|Any CPU.ActiveCfg = Debug|x86
		{29DB7023-FF8B-4231-9BE3-29094B9AAFAE}.DVD-5|Mixed Platforms.ActiveCfg = Debug|x86
		{29DB7023-FF8B-4231-9BE3-29094B9AAFAE}.DVD-5|Mixed Platforms.Build.0 = Debug|x86
		{29DB7023-FF8B-4231-9BE3-29094B9AAFAE}.DVD-5|x86.ActiveCfg = Debug|x86
		{29DB7023-FF8B-4231-9BE3-29094B9AAFAE}.DVD-5|x86.Build.0 = Debug|x86
		{29DB7023-FF8B-4231-9BE3-29094B9AAFAE}.Release|Any CPU.ActiveCfg = Release|x86
		{29DB7023-FF8B-4231-9BE3-29094B9AAFAE}.Release|Mixed Platforms.ActiveCfg = Release|x86
		{29DB7023-FF8B-4231-9BE3-29094B9AAFAE}.Release|Mixed Platforms.Build.0 = Release|x86
		{29DB7023-FF8B-4231-9BE3-29094B9AAFAE}.Release|x86.ActiveCfg = Release|x86
		{29DB7023-FF8B-4231-9BE3-29094B9AAFAE}.Release|x86.Build.0 = Release|x86
		{29DB7023-FF8B-4231-9BE3-29094B9AAFAE}.SingleImage|Any CPU.ActiveCfg = Release|x86
		{29DB7023-FF8B-4231-9BE3-29094B9AAFAE}.SingleImage|Mixed Platforms.ActiveCfg = Release|x86
		{29DB7023-FF8B-4231-9BE3-29094B9AAFAE}.SingleImage|Mixed Platforms.Build.0 = Release|x86
		{29DB7023-FF8B-4231-9BE3-29094B9AAFAE}.SingleImage|x86.ActiveCfg = Release|x86
		{29DB7023-FF8B-4231-9BE3-29094B9AAFAE}.SingleImage|x86.Build.0 = Release|x86
		{0C51E5EF-C1BC-4ADB-AB3D-D20A98F0845B}.CD_ROM|Any CPU.ActiveCfg = Release|Any CPU
		{0C51E5EF-C1BC-4ADB-AB3D-D20A98F0845B}.CD_ROM|Any CPU.Build.0 = Release|Any CPU
		{0C51E5EF-C1BC-4ADB-AB3D-D20A98F0845B}.CD_ROM|Mixed Platforms.ActiveCfg = Release|Any CPU
		{0C51E5EF-C1BC-4ADB-AB3D-D20A98F0845B}.CD_ROM|Mixed Platforms.Build.0 = Release|Any CPU
		{0C51E5EF-C1BC-4ADB-AB3D-D20A98F0845B}.CD_ROM|x86.ActiveCfg = Release|Any CPU
		{0C51E5EF-C1BC-4ADB-AB3D-D20A98F0845B}.Debug|Any CPU.ActiveCfg = Debug|Any CPU
		{0C51E5EF-C1BC-4ADB-AB3D-D20A98F0845B}.Debug|Any CPU.Build.0 = Debug|Any CPU
		{0C51E5EF-C1BC-4ADB-AB3D-D20A98F0845B}.Debug|Mixed Platforms.ActiveCfg = Debug|Any CPU
		{0C51E5EF-C1BC-4ADB-AB3D-D20A98F0845B}.Debug|Mixed Platforms.Build.0 = Debug|Any CPU
		{0C51E5EF-C1BC-4ADB-AB3D-D20A98F0845B}.Debug|x86.ActiveCfg = Debug|Any CPU
		{0C51E5EF-C1BC-4ADB-AB3D-D20A98F0845B}.DVD-5|Any CPU.ActiveCfg = Debug|Any CPU
		{0C51E5EF-C1BC-4ADB-AB3D-D20A98F0845B}.DVD-5|Any CPU.Build.0 = Debug|Any CPU
		{0C51E5EF-C1BC-4ADB-AB3D-D20A98F0845B}.DVD-5|Mixed Platforms.ActiveCfg = Debug|Any CPU
		{0C51E5EF-C1BC-4ADB-AB3D-D20A98F0845B}.DVD-5|Mixed Platforms.Build.0 = Debug|Any CPU
		{0C51E5EF-C1BC-4ADB-AB3D-D20A98F0845B}.DVD-5|x86.ActiveCfg = Debug|Any CPU
		{0C51E5EF-C1BC-4ADB-AB3D-D20A98F0845B}.Release|Any CPU.ActiveCfg = Release|Any CPU
		{0C51E5EF-C1BC-4ADB-AB3D-D20A98F0845B}.Release|Any CPU.Build.0 = Release|Any CPU
		{0C51E5EF-C1BC-4ADB-AB3D-D20A98F0845B}.Release|Mixed Platforms.ActiveCfg = Release|Any CPU
		{0C51E5EF-C1BC-4ADB-AB3D-D20A98F0845B}.Release|Mixed Platforms.Build.0 = Release|Any CPU
		{0C51E5EF-C1BC-4ADB-AB3D-D20A98F0845B}.Release|x86.ActiveCfg = Release|Any CPU
		{0C51E5EF-C1BC-4ADB-AB3D-D20A98F0845B}.SingleImage|Any CPU.ActiveCfg = Release|Any CPU
		{0C51E5EF-C1BC-4ADB-AB3D-D20A98F0845B}.SingleImage|Any CPU.Build.0 = Release|Any CPU
		{0C51E5EF-C1BC-4ADB-AB3D-D20A98F0845B}.SingleImage|Mixed Platforms.ActiveCfg = Release|Any CPU
		{0C51E5EF-C1BC-4ADB-AB3D-D20A98F0845B}.SingleImage|Mixed Platforms.Build.0 = Release|Any CPU
		{0C51E5EF-C1BC-4ADB-AB3D-D20A98F0845B}.SingleImage|x86.ActiveCfg = Release|Any CPU
		{238765CA-833D-45DB-9A8B-6B3A6EB8E0E9}.CD_ROM|Any CPU.ActiveCfg = Release|Any CPU
		{238765CA-833D-45DB-9A8B-6B3A6EB8E0E9}.CD_ROM|Any CPU.Build.0 = Release|Any CPU
		{238765CA-833D-45DB-9A8B-6B3A6EB8E0E9}.CD_ROM|Mixed Platforms.ActiveCfg = Release|Any CPU
		{238765CA-833D-45DB-9A8B-6B3A6EB8E0E9}.CD_ROM|Mixed Platforms.Build.0 = Release|Any CPU
		{238765CA-833D-45DB-9A8B-6B3A6EB8E0E9}.CD_ROM|x86.ActiveCfg = Release|Any CPU
		{238765CA-833D-45DB-9A8B-6B3A6EB8E0E9}.Debug|Any CPU.ActiveCfg = Debug|Any CPU
		{238765CA-833D-45DB-9A8B-6B3A6EB8E0E9}.Debug|Any CPU.Build.0 = Debug|Any CPU
		{238765CA-833D-45DB-9A8B-6B3A6EB8E0E9}.Debug|Mixed Platforms.ActiveCfg = Debug|Any CPU
		{238765CA-833D-45DB-9A8B-6B3A6EB8E0E9}.Debug|Mixed Platforms.Build.0 = Debug|Any CPU
		{238765CA-833D-45DB-9A8B-6B3A6EB8E0E9}.Debug|x86.ActiveCfg = Debug|Any CPU
		{238765CA-833D-45DB-9A8B-6B3A6EB8E0E9}.DVD-5|Any CPU.ActiveCfg = Debug|Any CPU
		{238765CA-833D-45DB-9A8B-6B3A6EB8E0E9}.DVD-5|Any CPU.Build.0 = Debug|Any CPU
		{238765CA-833D-45DB-9A8B-6B3A6EB8E0E9}.DVD-5|Mixed Platforms.ActiveCfg = Debug|Any CPU
		{238765CA-833D-45DB-9A8B-6B3A6EB8E0E9}.DVD-5|Mixed Platforms.Build.0 = Debug|Any CPU
		{238765CA-833D-45DB-9A8B-6B3A6EB8E0E9}.DVD-5|x86.ActiveCfg = Debug|Any CPU
		{238765CA-833D-45DB-9A8B-6B3A6EB8E0E9}.Release|Any CPU.ActiveCfg = Release|Any CPU
		{238765CA-833D-45DB-9A8B-6B3A6EB8E0E9}.Release|Any CPU.Build.0 = Release|Any CPU
		{238765CA-833D-45DB-9A8B-6B3A6EB8E0E9}.Release|Mixed Platforms.ActiveCfg = Release|Any CPU
		{238765CA-833D-45DB-9A8B-6B3A6EB8E0E9}.Release|Mixed Platforms.Build.0 = Release|Any CPU
		{238765CA-833D-45DB-9A8B-6B3A6EB8E0E9}.Release|x86.ActiveCfg = Release|Any CPU
		{238765CA-833D-45DB-9A8B-6B3A6EB8E0E9}.SingleImage|Any CPU.ActiveCfg = Release|Any CPU
		{238765CA-833D-45DB-9A8B-6B3A6EB8E0E9}.SingleImage|Any CPU.Build.0 = Release|Any CPU
		{238765CA-833D-45DB-9A8B-6B3A6EB8E0E9}.SingleImage|Mixed Platforms.ActiveCfg = Release|Any CPU
		{238765CA-833D-45DB-9A8B-6B3A6EB8E0E9}.SingleImage|Mixed Platforms.Build.0 = Release|Any CPU
		{238765CA-833D-45DB-9A8B-6B3A6EB8E0E9}.SingleImage|x86.ActiveCfg = Release|Any CPU
		{51A8C0EF-264B-4A9E-926D-8F5D64B493BD}.CD_ROM|Any CPU.ActiveCfg = Release|Any CPU
		{51A8C0EF-264B-4A9E-926D-8F5D64B493BD}.CD_ROM|Any CPU.Build.0 = Release|Any CPU
		{51A8C0EF-264B-4A9E-926D-8F5D64B493BD}.CD_ROM|Mixed Platforms.ActiveCfg = Release|Any CPU
		{51A8C0EF-264B-4A9E-926D-8F5D64B493BD}.CD_ROM|Mixed Platforms.Build.0 = Release|Any CPU
		{51A8C0EF-264B-4A9E-926D-8F5D64B493BD}.CD_ROM|x86.ActiveCfg = Release|Any CPU
		{51A8C0EF-264B-4A9E-926D-8F5D64B493BD}.Debug|Any CPU.ActiveCfg = Debug|Any CPU
		{51A8C0EF-264B-4A9E-926D-8F5D64B493BD}.Debug|Any CPU.Build.0 = Debug|Any CPU
		{51A8C0EF-264B-4A9E-926D-8F5D64B493BD}.Debug|Mixed Platforms.ActiveCfg = Debug|Any CPU
		{51A8C0EF-264B-4A9E-926D-8F5D64B493BD}.Debug|Mixed Platforms.Build.0 = Debug|Any CPU
		{51A8C0EF-264B-4A9E-926D-8F5D64B493BD}.Debug|x86.ActiveCfg = Debug|Any CPU
		{51A8C0EF-264B-4A9E-926D-8F5D64B493BD}.DVD-5|Any CPU.ActiveCfg = Debug|Any CPU
		{51A8C0EF-264B-4A9E-926D-8F5D64B493BD}.DVD-5|Any CPU.Build.0 = Debug|Any CPU
		{51A8C0EF-264B-4A9E-926D-8F5D64B493BD}.DVD-5|Mixed Platforms.ActiveCfg = Debug|Any CPU
		{51A8C0EF-264B-4A9E-926D-8F5D64B493BD}.DVD-5|Mixed Platforms.Build.0 = Debug|Any CPU
		{51A8C0EF-264B-4A9E-926D-8F5D64B493BD}.DVD-5|x86.ActiveCfg = Debug|Any CPU
		{51A8C0EF-264B-4A9E-926D-8F5D64B493BD}.Release|Any CPU.ActiveCfg = Release|Any CPU
		{51A8C0EF-264B-4A9E-926D-8F5D64B493BD}.Release|Any CPU.Build.0 = Release|Any CPU
		{51A8C0EF-264B-4A9E-926D-8F5D64B493BD}.Release|Mixed Platforms.ActiveCfg = Release|Any CPU
		{51A8C0EF-264B-4A9E-926D-8F5D64B493BD}.Release|Mixed Platforms.Build.0 = Release|Any CPU
		{51A8C0EF-264B-4A9E-926D-8F5D64B493BD}.Release|x86.ActiveCfg = Release|Any CPU
		{51A8C0EF-264B-4A9E-926D-8F5D64B493BD}.SingleImage|Any CPU.ActiveCfg = Release|Any CPU
		{51A8C0EF-264B-4A9E-926D-8F5D64B493BD}.SingleImage|Any CPU.Build.0 = Release|Any CPU
		{51A8C0EF-264B-4A9E-926D-8F5D64B493BD}.SingleImage|Mixed Platforms.ActiveCfg = Release|Any CPU
		{51A8C0EF-264B-4A9E-926D-8F5D64B493BD}.SingleImage|Mixed Platforms.Build.0 = Release|Any CPU
		{51A8C0EF-264B-4A9E-926D-8F5D64B493BD}.SingleImage|x86.ActiveCfg = Release|Any CPU
		{D2611BBF-524D-4600-88F4-708CC87EAAB3}.CD_ROM|Any CPU.ActiveCfg = Release|Any CPU
		{D2611BBF-524D-4600-88F4-708CC87EAAB3}.CD_ROM|Any CPU.Build.0 = Release|Any CPU
		{D2611BBF-524D-4600-88F4-708CC87EAAB3}.CD_ROM|Mixed Platforms.ActiveCfg = Release|Any CPU
		{D2611BBF-524D-4600-88F4-708CC87EAAB3}.CD_ROM|Mixed Platforms.Build.0 = Release|Any CPU
		{D2611BBF-524D-4600-88F4-708CC87EAAB3}.CD_ROM|x86.ActiveCfg = Release|Any CPU
		{D2611BBF-524D-4600-88F4-708CC87EAAB3}.Debug|Any CPU.ActiveCfg = Debug|Any CPU
		{D2611BBF-524D-4600-88F4-708CC87EAAB3}.Debug|Any CPU.Build.0 = Debug|Any CPU
		{D2611BBF-524D-4600-88F4-708CC87EAAB3}.Debug|Mixed Platforms.ActiveCfg = Debug|Any CPU
		{D2611BBF-524D-4600-88F4-708CC87EAAB3}.Debug|Mixed Platforms.Build.0 = Debug|Any CPU
		{D2611BBF-524D-4600-88F4-708CC87EAAB3}.Debug|x86.ActiveCfg = Debug|Any CPU
		{D2611BBF-524D-4600-88F4-708CC87EAAB3}.DVD-5|Any CPU.ActiveCfg = Debug|Any CPU
		{D2611BBF-524D-4600-88F4-708CC87EAAB3}.DVD-5|Any CPU.Build.0 = Debug|Any CPU
		{D2611BBF-524D-4600-88F4-708CC87EAAB3}.DVD-5|Mixed Platforms.ActiveCfg = Debug|Any CPU
		{D2611BBF-524D-4600-88F4-708CC87EAAB3}.DVD-5|Mixed Platforms.Build.0 = Debug|Any CPU
		{D2611BBF-524D-4600-88F4-708CC87EAAB3}.DVD-5|x86.ActiveCfg = Debug|Any CPU
		{D2611BBF-524D-4600-88F4-708CC87EAAB3}.Release|Any CPU.ActiveCfg = Release|Any CPU
		{D2611BBF-524D-4600-88F4-708CC87EAAB3}.Release|Any CPU.Build.0 = Release|Any CPU
		{D2611BBF-524D-4600-88F4-708CC87EAAB3}.Release|Mixed Platforms.ActiveCfg = Release|Any CPU
		{D2611BBF-524D-4600-88F4-708CC87EAAB3}.Release|Mixed Platforms.Build.0 = Release|Any CPU
		{D2611BBF-524D-4600-88F4-708CC87EAAB3}.Release|x86.ActiveCfg = Release|Any CPU
		{D2611BBF-524D-4600-88F4-708CC87EAAB3}.SingleImage|Any CPU.ActiveCfg = Release|Any CPU
		{D2611BBF-524D-4600-88F4-708CC87EAAB3}.SingleImage|Any CPU.Build.0 = Release|Any CPU
		{D2611BBF-524D-4600-88F4-708CC87EAAB3}.SingleImage|Mixed Platforms.ActiveCfg = Release|Any CPU
		{D2611BBF-524D-4600-88F4-708CC87EAAB3}.SingleImage|Mixed Platforms.Build.0 = Release|Any CPU
		{D2611BBF-524D-4600-88F4-708CC87EAAB3}.SingleImage|x86.ActiveCfg = Release|Any CPU
		{BE370510-14F6-4073-823E-1865EA56507F}.CD_ROM|Any CPU.ActiveCfg = Release|Any CPU
		{BE370510-14F6-4073-823E-1865EA56507F}.CD_ROM|Mixed Platforms.ActiveCfg = Release|Any CPU
		{BE370510-14F6-4073-823E-1865EA56507F}.CD_ROM|x86.ActiveCfg = Release|Any CPU
		{BE370510-14F6-4073-823E-1865EA56507F}.Debug|Any CPU.ActiveCfg = Debug|Any CPU
		{BE370510-14F6-4073-823E-1865EA56507F}.Debug|Any CPU.Build.0 = Debug|Any CPU
		{BE370510-14F6-4073-823E-1865EA56507F}.Debug|Mixed Platforms.ActiveCfg = Debug|Any CPU
		{BE370510-14F6-4073-823E-1865EA56507F}.Debug|Mixed Platforms.Build.0 = Debug|Any CPU
		{BE370510-14F6-4073-823E-1865EA56507F}.Debug|x86.ActiveCfg = Debug|Any CPU
		{BE370510-14F6-4073-823E-1865EA56507F}.DVD-5|Any CPU.ActiveCfg = Debug|Any CPU
		{BE370510-14F6-4073-823E-1865EA56507F}.DVD-5|Mixed Platforms.ActiveCfg = Debug|Any CPU
		{BE370510-14F6-4073-823E-1865EA56507F}.DVD-5|x86.ActiveCfg = Debug|Any CPU
		{BE370510-14F6-4073-823E-1865EA56507F}.Release|Any CPU.ActiveCfg = Release|Any CPU
		{BE370510-14F6-4073-823E-1865EA56507F}.Release|Any CPU.Build.0 = Release|Any CPU
		{BE370510-14F6-4073-823E-1865EA56507F}.Release|Mixed Platforms.ActiveCfg = Release|Any CPU
		{BE370510-14F6-4073-823E-1865EA56507F}.Release|Mixed Platforms.Build.0 = Release|Any CPU
		{BE370510-14F6-4073-823E-1865EA56507F}.Release|x86.ActiveCfg = Release|Any CPU
		{BE370510-14F6-4073-823E-1865EA56507F}.SingleImage|Any CPU.ActiveCfg = Release|Any CPU
		{BE370510-14F6-4073-823E-1865EA56507F}.SingleImage|Mixed Platforms.ActiveCfg = Release|Any CPU
		{BE370510-14F6-4073-823E-1865EA56507F}.SingleImage|x86.ActiveCfg = Release|Any CPU
	EndGlobalSection
	GlobalSection(SolutionProperties) = preSolution
		HideSolutionNode = FALSE
	EndGlobalSection
	GlobalSection(TestCaseManagementSettings) = postSolution
		CategoryFile = CockpitPublisher.vsmdi
	EndGlobalSection
EndGlobal
